
Microsoft Visual Studio Solution File, Format Version 12.00
# Visual Studio Version 17
VisualStudioVersion = 17.11.35327.3
MinimumVisualStudioVersion = 10.0.40219.1
Project("{9A19103F-16F7-4668-BE54-9A1E7A4F7556}") = "SmallClinicProject", "SmallClinicProject\SmallClinicProject.csproj", "{8509EBD4-0B1D-43E9-BB5E-17A86C514D61}"
EndProject
Global
	GlobalSection(SolutionConfigurationPlatforms) = preSolution
		Debug|Any CPU = Debug|Any CPU
		Release|Any CPU = Release|Any CPU
	EndGlobalSection
	GlobalSection(ProjectConfigurationPlatforms) = postSolution
		{8509EBD4-0B1D-43E9-BB5E-17A86C514D61}.Debug|Any CPU.ActiveCfg = Debug|Any CPU
		{8509EBD4-0B1D-43E9-BB5E-17A86C514D61}.Debug|Any CPU.Build.0 = Debug|Any CPU
		{8509EBD4-0B1D-43E9-BB5E-17A86C514D61}.Release|Any CPU.ActiveCfg = Release|Any CPU
		{8509EBD4-0B1D-43E9-BB5E-17A86C514D61}.Release|Any CPU.Build.0 = Release|Any CPU
	EndGlobalSection
	GlobalSection(SolutionProperties) = preSolution
		HideSolutionNode = FALSE
	EndGlobalSection
	GlobalSection(ExtensibilityGlobals) = postSolution
		SolutionGuid = {9AC4768E-F34E-405E-B9D2-EDAD69F9B751}
	EndGlobalSection
EndGlobal
